
Microsoft Visual Studio Solution File, Format Version 12.00
# Visual Studio Version 17
VisualStudioVersion = 17.0.31903.59
MinimumVisualStudioVersion = 10.0.40219.1
Project("{2150E333-8FDC-42A3-9474-1A3956D46DE8}") = "EquipmentSimulator", "EquipmentSimulator", "{538B5DE0-2566-EC2D-EDE5-B0384EA00E00}"
EndProject
Project("{FAE04EC0-301F-11D3-BF4B-00C04F79EFBC}") = "Mair.EquipmentSimulator", "EquipmentSimulator\Mair.EquipmentSimulator.csproj", "{961B46D8-30C3-4978-8917-0FF6A22EB053}"
EndProject
Project("{2150E333-8FDC-42A3-9474-1A3956D46DE8}") = "EquipmentSimulator.Tests", "EquipmentSimulator.Tests", "{AFC2F1EC-B5B6-195E-784D-67831D51F954}"
EndProject
Project("{FAE04EC0-301F-11D3-BF4B-00C04F79EFBC}") = "Mair.EquipmentSimulator.Tests", "EquipmentSimulator.Tests\Mair.EquipmentSimulator.Tests.csproj", "{710E5642-1C20-463F-AD6D-D1C40B49B81A}"
EndProject
Project("{2150E333-8FDC-42A3-9474-1A3956D46DE8}") = "EdgeGateway", "EdgeGateway", "{2CBAE86C-BBF9-95D2-6CE8-2554C596E6FE}"
EndProject
Project("{FAE04EC0-301F-11D3-BF4B-00C04F79EFBC}") = "Mair.EdgeGateway", "EdgeGateway\Mair.EdgeGateway.csproj", "{18D9D350-09BD-402B-9D80-185BE4583949}"
EndProject
Project("{2150E333-8FDC-42A3-9474-1A3956D46DE8}") = "EdgeGateway.Tests", "EdgeGateway.Tests", "{EC6A4219-2B70-3391-3A85-5E617BAD58DB}"
EndProject
Project("{FAE04EC0-301F-11D3-BF4B-00C04F79EFBC}") = "Mair.EdgeGateway.Tests", "EdgeGateway.Tests\Mair.EdgeGateway.Tests.csproj", "{55F80312-4B7B-4E4C-9A87-F2B7A12B37BC}"
EndProject
Project("{2150E333-8FDC-42A3-9474-1A3956D46DE8}") = "EquipmentSimulator.Protocols", "EquipmentSimulator.Protocols", "{92FF6520-CA2A-65A5-4873-AE3CC0D6DCC2}"
EndProject
Project("{FAE04EC0-301F-11D3-BF4B-00C04F79EFBC}") = "Mair.EquipmentSimulator.Protocols", "EquipmentSimulator.Protocols\Mair.EquipmentSimulator.Protocols.csproj", "{B7BA9EDE-6616-4328-84B7-6F422070960B}"
EndProject
Global
	GlobalSection(SolutionConfigurationPlatforms) = preSolution
		Debug|Any CPU = Debug|Any CPU
		Debug|x64 = Debug|x64
		Debug|x86 = Debug|x86
		Release|Any CPU = Release|Any CPU
		Release|x64 = Release|x64
		Release|x86 = Release|x86
	EndGlobalSection
	GlobalSection(ProjectConfigurationPlatforms) = postSolution
		{961B46D8-30C3-4978-8917-0FF6A22EB053}.Debug|Any CPU.ActiveCfg = Debug|Any CPU
		{961B46D8-30C3-4978-8917-0FF6A22EB053}.Debug|Any CPU.Build.0 = Debug|Any CPU
		{961B46D8-30C3-4978-8917-0FF6A22EB053}.Debug|x64.ActiveCfg = Debug|Any CPU
		{961B46D8-30C3-4978-8917-0FF6A22EB053}.Debug|x64.Build.0 = Debug|Any CPU
		{961B46D8-30C3-4978-8917-0FF6A22EB053}.Debug|x86.ActiveCfg = Debug|Any CPU
		{961B46D8-30C3-4978-8917-0FF6A22EB053}.Debug|x86.Build.0 = Debug|Any CPU
		{961B46D8-30C3-4978-8917-0FF6A22EB053}.Release|Any CPU.ActiveCfg = Release|Any CPU
		{961B46D8-30C3-4978-8917-0FF6A22EB053}.Release|Any CPU.Build.0 = Release|Any CPU
		{961B46D8-30C3-4978-8917-0FF6A22EB053}.Release|x64.ActiveCfg = Release|Any CPU
		{961B46D8-30C3-4978-8917-0FF6A22EB053}.Release|x64.Build.0 = Release|Any CPU
		{961B46D8-30C3-4978-8917-0FF6A22EB053}.Release|x86.ActiveCfg = Release|Any CPU
		{961B46D8-30C3-4978-8917-0FF6A22EB053}.Release|x86.Build.0 = Release|Any CPU
		{710E5642-1C20-463F-AD6D-D1C40B49B81A}.Debug|Any CPU.ActiveCfg = Debug|Any CPU
		{710E5642-1C20-463F-AD6D-D1C40B49B81A}.Debug|Any CPU.Build.0 = Debug|Any CPU
		{710E5642-1C20-463F-AD6D-D1C40B49B81A}.Debug|x64.ActiveCfg = Debug|Any CPU
		{710E5642-1C20-463F-AD6D-D1C40B49B81A}.Debug|x64.Build.0 = Debug|Any CPU
		{710E5642-1C20-463F-AD6D-D1C40B49B81A}.Debug|x86.ActiveCfg = Debug|Any CPU
		{710E5642-1C20-463F-AD6D-D1C40B49B81A}.Debug|x86.Build.0 = Debug|Any CPU
		{710E5642-1C20-463F-AD6D-D1C40B49B81A}.Release|Any CPU.ActiveCfg = Release|Any CPU
		{710E5642-1C20-463F-AD6D-D1C40B49B81A}.Release|Any CPU.Build.0 = Release|Any CPU
		{710E5642-1C20-463F-AD6D-D1C40B49B81A}.Release|x64.ActiveCfg = Release|Any CPU
		{710E5642-1C20-463F-AD6D-D1C40B49B81A}.Release|x64.Build.0 = Release|Any CPU
		{710E5642-1C20-463F-AD6D-D1C40B49B81A}.Release|x86.ActiveCfg = Release|Any CPU
		{710E5642-1C20-463F-AD6D-D1C40B49B81A}.Release|x86.Build.0 = Release|Any CPU
		{18D9D350-09BD-402B-9D80-185BE4583949}.Debug|Any CPU.ActiveCfg = Debug|Any CPU
		{18D9D350-09BD-402B-9D80-185BE4583949}.Debug|Any CPU.Build.0 = Debug|Any CPU
		{18D9D350-09BD-402B-9D80-185BE4583949}.Debug|x64.ActiveCfg = Debug|Any CPU
		{18D9D350-09BD-402B-9D80-185BE4583949}.Debug|x64.Build.0 = Debug|Any CPU
		{18D9D350-09BD-402B-9D80-185BE4583949}.Debug|x86.ActiveCfg = Debug|Any CPU
		{18D9D350-09BD-402B-9D80-185BE4583949}.Debug|x86.Build.0 = Debug|Any CPU
		{18D9D350-09BD-402B-9D80-185BE4583949}.Release|Any CPU.ActiveCfg = Release|Any CPU
		{18D9D350-09BD-402B-9D80-185BE4583949}.Release|Any CPU.Build.0 = Release|Any CPU
		{18D9D350-09BD-402B-9D80-185BE4583949}.Release|x64.ActiveCfg = Release|Any CPU
		{18D9D350-09BD-402B-9D80-185BE4583949}.Release|x64.Build.0 = Release|Any CPU
		{18D9D350-09BD-402B-9D80-185BE4583949}.Release|x86.ActiveCfg = Release|Any CPU
		{18D9D350-09BD-402B-9D80-185BE4583949}.Release|x86.Build.0 = Release|Any CPU
		{55F80312-4B7B-4E4C-9A87-F2B7A12B37BC}.Debug|Any CPU.ActiveCfg = Debug|Any CPU
		{55F80312-4B7B-4E4C-9A87-F2B7A12B37BC}.Debug|Any CPU.Build.0 = Debug|Any CPU
		{55F80312-4B7B-4E4C-9A87-F2B7A12B37BC}.Debug|x64.ActiveCfg = Debug|Any CPU
		{55F80312-4B7B-4E4C-9A87-F2B7A12B37BC}.Debug|x64.Build.0 = Debug|Any CPU
		{55F80312-4B7B-4E4C-9A87-F2B7A12B37BC}.Debug|x86.ActiveCfg = Debug|Any CPU
		{55F80312-4B7B-4E4C-9A87-F2B7A12B37BC}.Debug|x86.Build.0 = Debug|Any CPU
		{55F80312-4B7B-4E4C-9A87-F2B7A12B37BC}.Release|Any CPU.ActiveCfg = Release|Any CPU
		{55F80312-4B7B-4E4C-9A87-F2B7A12B37BC}.Release|Any CPU.Build.0 = Release|Any CPU
		{55F80312-4B7B-4E4C-9A87-F2B7A12B37BC}.Release|x64.ActiveCfg = Release|Any CPU
		{55F80312-4B7B-4E4C-9A87-F2B7A12B37BC}.Release|x64.Build.0 = Release|Any CPU
		{55F80312-4B7B-4E4C-9A87-F2B7A12B37BC}.Release|x86.ActiveCfg = Release|Any CPU
		{55F80312-4B7B-4E4C-9A87-F2B7A12B37BC}.Release|x86.Build.0 = Release|Any CPU
		{B7BA9EDE-6616-4328-84B7-6F422070960B}.Debug|Any CPU.ActiveCfg = Debug|Any CPU
		{B7BA9EDE-6616-4328-84B7-6F422070960B}.Debug|Any CPU.Build.0 = Debug|Any CPU
		{B7BA9EDE-6616-4328-84B7-6F422070960B}.Debug|x64.ActiveCfg = Debug|Any CPU
		{B7BA9EDE-6616-4328-84B7-6F422070960B}.Debug|x64.Build.0 = Debug|Any CPU
		{B7BA9EDE-6616-4328-84B7-6F422070960B}.Debug|x86.ActiveCfg = Debug|Any CPU
		{B7BA9EDE-6616-4328-84B7-6F422070960B}.Debug|x86.Build.0 = Debug|Any CPU
		{B7BA9EDE-6616-4328-84B7-6F422070960B}.Release|Any CPU.ActiveCfg = Release|Any CPU
		{B7BA9EDE-6616-4328-84B7-6F422070960B}.Release|Any CPU.Build.0 = Release|Any CPU
		{B7BA9EDE-6616-4328-84B7-6F422070960B}.Release|x64.ActiveCfg = Release|Any CPU
		{B7BA9EDE-6616-4328-84B7-6F422070960B}.Release|x64.Build.0 = Release|Any CPU
		{B7BA9EDE-6616-4328-84B7-6F422070960B}.Release|x86.ActiveCfg = Release|Any CPU
		{B7BA9EDE-6616-4328-84B7-6F422070960B}.Release|x86.Build.0 = Release|Any CPU
	EndGlobalSection
	GlobalSection(SolutionProperties) = preSolution
		HideSolutionNode = FALSE
	EndGlobalSection
	GlobalSection(NestedProjects) = preSolution
		{961B46D8-30C3-4978-8917-0FF6A22EB053} = {538B5DE0-2566-EC2D-EDE5-B0384EA00E00}
		{710E5642-1C20-463F-AD6D-D1C40B49B81A} = {AFC2F1EC-B5B6-195E-784D-67831D51F954}
		{18D9D350-09BD-402B-9D80-185BE4583949} = {2CBAE86C-BBF9-95D2-6CE8-2554C596E6FE}
		{55F80312-4B7B-4E4C-9A87-F2B7A12B37BC} = {EC6A4219-2B70-3391-3A85-5E617BAD58DB}
		{B7BA9EDE-6616-4328-84B7-6F422070960B} = {92FF6520-CA2A-65A5-4873-AE3CC0D6DCC2}
	EndGlobalSection
EndGlobal
